
Microsoft Visual Studio Solution File, Format Version 12.00
# Visual Studio Version 17
VisualStudioVersion = 17.0.31903.59
MinimumVisualStudioVersion = 10.0.40219.1
Project("{2150E333-8FDC-42A3-9474-1A3956D46DE8}") = "dotnetVisualCodeUtility", "dotnetVisualCodeUtility", "{885CC3DA-1030-4B87-A6DF-6D6BB436A041}"
EndProject
Project("{2150E333-8FDC-42A3-9474-1A3956D46DE8}") = "Utilityv1", "Utilityv1", "{AFC72FF5-E433-44B5-BDFA-5435588E5CD9}"
EndProject
Project("{FAE04EC0-301F-11D3-BF4B-00C04F79EFBC}") = "main.cs", "dotnetVisualCodeUtility\Utilityv1\main.cs\main.cs.csproj", "{45B373C3-FEC6-4A42-8012-86FB87C5A232}"
EndProject
Global
	GlobalSection(SolutionConfigurationPlatforms) = preSolution
		Debug|Any CPU = Debug|Any CPU
		Release|Any CPU = Release|Any CPU
	EndGlobalSection
	GlobalSection(SolutionProperties) = preSolution
		HideSolutionNode = FALSE
	EndGlobalSection
	GlobalSection(ProjectConfigurationPlatforms) = postSolution
		{45B373C3-FEC6-4A42-8012-86FB87C5A232}.Debug|Any CPU.ActiveCfg = Debug|Any CPU
		{45B373C3-FEC6-4A42-8012-86FB87C5A232}.Debug|Any CPU.Build.0 = Debug|Any CPU
		{45B373C3-FEC6-4A42-8012-86FB87C5A232}.Release|Any CPU.ActiveCfg = Release|Any CPU
		{45B373C3-FEC6-4A42-8012-86FB87C5A232}.Release|Any CPU.Build.0 = Release|Any CPU
	EndGlobalSection
	GlobalSection(NestedProjects) = preSolution
		{AFC72FF5-E433-44B5-BDFA-5435588E5CD9} = {885CC3DA-1030-4B87-A6DF-6D6BB436A041}
		{45B373C3-FEC6-4A42-8012-86FB87C5A232} = {AFC72FF5-E433-44B5-BDFA-5435588E5CD9}
	EndGlobalSection
EndGlobal
